
Microsoft Visual Studio Solution File, Format Version 12.00
# Visual Studio 14
VisualStudioVersion = 14.0.25420.1
MinimumVisualStudioVersion = 10.0.40219.1
Project("{FAE04EC0-301F-11D3-BF4B-00C04F79EFBC}") = "Miruken.Mediator", "Source\Miruken.Mediator\Miruken.Mediator.csproj", "{96B8AC46-CD2A-4C72-B8B8-FF6151552DF7}"
EndProject
Project("{2150E333-8FDC-42A3-9474-1A3956D46DE8}") = "Solution Items", "Solution Items", "{132BDD75-1E42-41F9-B8FF-5598D9CC1E74}"
	ProjectSection(SolutionItems) = preProject
		GlobalAssemblyInfo.cs = GlobalAssemblyInfo.cs
		NuGet.Config = NuGet.Config
		README.rst = README.rst
	EndProjectSection
EndProject
Project("{FAE04EC0-301F-11D3-BF4B-00C04F79EFBC}") = "Miruken.Mediator.Castle", "Source\Miruken.Mediator.Castle\Miruken.Mediator.Castle.csproj", "{5FFD9BEE-9B56-4C8A-88E3-CCA10A5A0199}"
EndProject
Project("{2150E333-8FDC-42A3-9474-1A3956D46DE8}") = "Tests", "Tests", "{567E2030-C79E-45FD-A7A4-CF5EB98C28C4}"
EndProject
Project("{FAE04EC0-301F-11D3-BF4B-00C04F79EFBC}") = "Miruken.Mediator.Castle.Tests", "Test\Miruken.Mediator.Castle.Tests\Miruken.Mediator.Castle.Tests.csproj", "{420FF40B-FE91-4290-90B4-2D2503F98228}"
EndProject
Project("{FAE04EC0-301F-11D3-BF4B-00C04F79EFBC}") = "Miruken.Mediator.Tests", "Test\Miruken.Mediator.Tests\Miruken.Mediator.Tests.csproj", "{D0385FE6-C412-4921-8A66-38166D208461}"
EndProject
Project("{2150E333-8FDC-42A3-9474-1A3956D46DE8}") = "Doc", "Doc", "{2F38DC4A-D056-425D-9319-1AC3AE6478B8}"
EndProject
Project("{FAE04EC0-301F-11D3-BF4B-00C04F79EFBC}") = "example", "Doc\example\example.csproj", "{F73C6936-E41E-49C6-9E2B-C7A87DAF81D4}"
EndProject
Project("{FAE04EC0-301F-11D3-BF4B-00C04F79EFBC}") = "Example.Tests", "Test\Example.Tests\Example.Tests.csproj", "{94E7140C-3C9F-4F98-98D6-95105DBD37C0}"
EndProject
Project("{FAE04EC0-301F-11D3-BF4B-00C04F79EFBC}") = "example.league.api", "Doc\example.league.api\example.league.api.csproj", "{4FDB8D23-A5F2-40C0-998B-644413C273B6}"
EndProject
Global
	GlobalSection(SolutionConfigurationPlatforms) = preSolution
		Debug|Any CPU = Debug|Any CPU
		Release|Any CPU = Release|Any CPU
	EndGlobalSection
	GlobalSection(ProjectConfigurationPlatforms) = postSolution
		{96B8AC46-CD2A-4C72-B8B8-FF6151552DF7}.Debug|Any CPU.ActiveCfg = Debug|Any CPU
		{96B8AC46-CD2A-4C72-B8B8-FF6151552DF7}.Debug|Any CPU.Build.0 = Debug|Any CPU
		{96B8AC46-CD2A-4C72-B8B8-FF6151552DF7}.Release|Any CPU.ActiveCfg = Release|Any CPU
		{96B8AC46-CD2A-4C72-B8B8-FF6151552DF7}.Release|Any CPU.Build.0 = Release|Any CPU
		{5FFD9BEE-9B56-4C8A-88E3-CCA10A5A0199}.Debug|Any CPU.ActiveCfg = Debug|Any CPU
		{5FFD9BEE-9B56-4C8A-88E3-CCA10A5A0199}.Debug|Any CPU.Build.0 = Debug|Any CPU
		{5FFD9BEE-9B56-4C8A-88E3-CCA10A5A0199}.Release|Any CPU.ActiveCfg = Release|Any CPU
		{5FFD9BEE-9B56-4C8A-88E3-CCA10A5A0199}.Release|Any CPU.Build.0 = Release|Any CPU
		{420FF40B-FE91-4290-90B4-2D2503F98228}.Debug|Any CPU.ActiveCfg = Debug|Any CPU
		{420FF40B-FE91-4290-90B4-2D2503F98228}.Debug|Any CPU.Build.0 = Debug|Any CPU
		{420FF40B-FE91-4290-90B4-2D2503F98228}.Release|Any CPU.ActiveCfg = Release|Any CPU
		{420FF40B-FE91-4290-90B4-2D2503F98228}.Release|Any CPU.Build.0 = Release|Any CPU
		{D0385FE6-C412-4921-8A66-38166D208461}.Debug|Any CPU.ActiveCfg = Debug|Any CPU
		{D0385FE6-C412-4921-8A66-38166D208461}.Debug|Any CPU.Build.0 = Debug|Any CPU
		{D0385FE6-C412-4921-8A66-38166D208461}.Release|Any CPU.ActiveCfg = Release|Any CPU
		{D0385FE6-C412-4921-8A66-38166D208461}.Release|Any CPU.Build.0 = Release|Any CPU
		{F73C6936-E41E-49C6-9E2B-C7A87DAF81D4}.Debug|Any CPU.ActiveCfg = Debug|Any CPU
		{F73C6936-E41E-49C6-9E2B-C7A87DAF81D4}.Debug|Any CPU.Build.0 = Debug|Any CPU
		{F73C6936-E41E-49C6-9E2B-C7A87DAF81D4}.Release|Any CPU.ActiveCfg = Release|Any CPU
		{F73C6936-E41E-49C6-9E2B-C7A87DAF81D4}.Release|Any CPU.Build.0 = Release|Any CPU
		{94E7140C-3C9F-4F98-98D6-95105DBD37C0}.Debug|Any CPU.ActiveCfg = Debug|Any CPU
		{94E7140C-3C9F-4F98-98D6-95105DBD37C0}.Debug|Any CPU.Build.0 = Debug|Any CPU
		{94E7140C-3C9F-4F98-98D6-95105DBD37C0}.Release|Any CPU.ActiveCfg = Release|Any CPU
		{94E7140C-3C9F-4F98-98D6-95105DBD37C0}.Release|Any CPU.Build.0 = Release|Any CPU
		{4FDB8D23-A5F2-40C0-998B-644413C273B6}.Debug|Any CPU.ActiveCfg = Debug|Any CPU
		{4FDB8D23-A5F2-40C0-998B-644413C273B6}.Debug|Any CPU.Build.0 = Debug|Any CPU
		{4FDB8D23-A5F2-40C0-998B-644413C273B6}.Release|Any CPU.ActiveCfg = Release|Any CPU
		{4FDB8D23-A5F2-40C0-998B-644413C273B6}.Release|Any CPU.Build.0 = Release|Any CPU
	EndGlobalSection
	GlobalSection(SolutionProperties) = preSolution
		HideSolutionNode = FALSE
	EndGlobalSection
	GlobalSection(NestedProjects) = preSolution
		{420FF40B-FE91-4290-90B4-2D2503F98228} = {567E2030-C79E-45FD-A7A4-CF5EB98C28C4}
		{D0385FE6-C412-4921-8A66-38166D208461} = {567E2030-C79E-45FD-A7A4-CF5EB98C28C4}
		{F73C6936-E41E-49C6-9E2B-C7A87DAF81D4} = {2F38DC4A-D056-425D-9319-1AC3AE6478B8}
		{94E7140C-3C9F-4F98-98D6-95105DBD37C0} = {567E2030-C79E-45FD-A7A4-CF5EB98C28C4}
		{4FDB8D23-A5F2-40C0-998B-644413C273B6} = {2F38DC4A-D056-425D-9319-1AC3AE6478B8}
	EndGlobalSection
EndGlobal
