
Microsoft Visual Studio Solution File, Format Version 12.00
# Visual Studio 15
VisualStudioVersion = 15.0.28307.757
MinimumVisualStudioVersion = 10.0.40219.1
Project("{9A19103F-16F7-4668-BE54-9A1E7A4F7556}") = "Miruken.AspNet", "Source\Miruken.AspNet\Miruken.AspNet.csproj", "{4534025D-C752-4560-8ACA-0D4FDDA1CA54}"
EndProject
Project("{9A19103F-16F7-4668-BE54-9A1E7A4F7556}") = "Miruken.AspNet.Castle", "Source\Miruken.AspNet.Castle\Miruken.AspNet.Castle.csproj", "{4FC418C6-A5EA-49EC-9697-DFFA152F320A}"
EndProject
Global
	GlobalSection(SolutionConfigurationPlatforms) = preSolution
		Debug|Any CPU = Debug|Any CPU
		Release|Any CPU = Release|Any CPU
	EndGlobalSection
	GlobalSection(ProjectConfigurationPlatforms) = postSolution
		{4534025D-C752-4560-8ACA-0D4FDDA1CA54}.Debug|Any CPU.ActiveCfg = Debug|Any CPU
		{4534025D-C752-4560-8ACA-0D4FDDA1CA54}.Debug|Any CPU.Build.0 = Debug|Any CPU
		{4534025D-C752-4560-8ACA-0D4FDDA1CA54}.Release|Any CPU.ActiveCfg = Release|Any CPU
		{4534025D-C752-4560-8ACA-0D4FDDA1CA54}.Release|Any CPU.Build.0 = Release|Any CPU
		{4FC418C6-A5EA-49EC-9697-DFFA152F320A}.Debug|Any CPU.ActiveCfg = Debug|Any CPU
		{4FC418C6-A5EA-49EC-9697-DFFA152F320A}.Debug|Any CPU.Build.0 = Debug|Any CPU
		{4FC418C6-A5EA-49EC-9697-DFFA152F320A}.Release|Any CPU.ActiveCfg = Release|Any CPU
		{4FC418C6-A5EA-49EC-9697-DFFA152F320A}.Release|Any CPU.Build.0 = Release|Any CPU
	EndGlobalSection
	GlobalSection(SolutionProperties) = preSolution
		HideSolutionNode = FALSE
	EndGlobalSection
	GlobalSection(ExtensibilityGlobals) = postSolution
		SolutionGuid = {648E7670-D325-4A80-890C-4A52D322FB69}
	EndGlobalSection
EndGlobal
